
Microsoft Visual Studio Solution File, Format Version 12.00
# Visual Studio Version 16
VisualStudioVersion = 16.0.29009.5
MinimumVisualStudioVersion = 10.0.40219.1
Project("{FAE04EC0-301F-11D3-BF4B-00C04F79EFBC}") = "08_WPF_Controls_1", "08_WPF_Controls_1\08_WPF_Controls_1.csproj", "{7871F660-FB5A-4C1C-BE0F-F9C1CC71588D}"
EndProject
Global
	GlobalSection(SolutionConfigurationPlatforms) = preSolution
		Debug|Any CPU = Debug|Any CPU
		Release|Any CPU = Release|Any CPU
	EndGlobalSection
	GlobalSection(ProjectConfigurationPlatforms) = postSolution
		{7871F660-FB5A-4C1C-BE0F-F9C1CC71588D}.Debug|Any CPU.ActiveCfg = Debug|Any CPU
		{7871F660-FB5A-4C1C-BE0F-F9C1CC71588D}.Debug|Any CPU.Build.0 = Debug|Any CPU
		{7871F660-FB5A-4C1C-BE0F-F9C1CC71588D}.Release|Any CPU.ActiveCfg = Release|Any CPU
		{7871F660-FB5A-4C1C-BE0F-F9C1CC71588D}.Release|Any CPU.Build.0 = Release|Any CPU
	EndGlobalSection
	GlobalSection(SolutionProperties) = preSolution
		HideSolutionNode = FALSE
	EndGlobalSection
	GlobalSection(ExtensibilityGlobals) = postSolution
		SolutionGuid = {B7531609-4EE1-461A-A360-AC1FBA7D1161}
	EndGlobalSection
EndGlobal
